
Microsoft Visual Studio Solution File, Format Version 12.00
# Visual Studio Version 17
VisualStudioVersion = 17.5.33502.453
MinimumVisualStudioVersion = 10.0.40219.1
Project("{9A19103F-16F7-4668-BE54-9A1E7A4F7556}") = "la-mia-pizzeria-model", "la-mia-pizzeria-model\la-mia-pizzeria-model.csproj", "{DFF10A74-B3FB-4008-B24E-1EFC50740471}"
EndProject
Global
	GlobalSection(SolutionConfigurationPlatforms) = preSolution
		Debug|Any CPU = Debug|Any CPU
		Release|Any CPU = Release|Any CPU
	EndGlobalSection
	GlobalSection(ProjectConfigurationPlatforms) = postSolution
		{DFF10A74-B3FB-4008-B24E-1EFC50740471}.Debug|Any CPU.ActiveCfg = Debug|Any CPU
		{DFF10A74-B3FB-4008-B24E-1EFC50740471}.Debug|Any CPU.Build.0 = Debug|Any CPU
		{DFF10A74-B3FB-4008-B24E-1EFC50740471}.Release|Any CPU.ActiveCfg = Release|Any CPU
		{DFF10A74-B3FB-4008-B24E-1EFC50740471}.Release|Any CPU.Build.0 = Release|Any CPU
	EndGlobalSection
	GlobalSection(SolutionProperties) = preSolution
		HideSolutionNode = FALSE
	EndGlobalSection
	GlobalSection(ExtensibilityGlobals) = postSolution
		SolutionGuid = {CC61EF63-0153-40DC-9300-ECEFA7DB895E}
	EndGlobalSection
EndGlobal
